
Microsoft Visual Studio Solution File, Format Version 12.00
# Visual Studio Version 17
VisualStudioVersion = 17.14.36121.58 d17.14
MinimumVisualStudioVersion = 10.0.40219.1
Project("{FAE04EC0-301F-11D3-BF4B-00C04F79EFBC}") = "MVCStokTakip", "MVCStokTakip.csproj", "{B3548342-BBB6-47DB-9563-F13915EEADAB}"
EndProject
Global
	GlobalSection(SolutionConfigurationPlatforms) = preSolution
		Debug|Any CPU = Debug|Any CPU
		Release|Any CPU = Release|Any CPU
	EndGlobalSection
	GlobalSection(ProjectConfigurationPlatforms) = postSolution
		{B3548342-BBB6-47DB-9563-F13915EEADAB}.Debug|Any CPU.ActiveCfg = Debug|Any CPU
		{B3548342-BBB6-47DB-9563-F13915EEADAB}.Debug|Any CPU.Build.0 = Debug|Any CPU
		{B3548342-BBB6-47DB-9563-F13915EEADAB}.Release|Any CPU.ActiveCfg = Release|Any CPU
		{B3548342-BBB6-47DB-9563-F13915EEADAB}.Release|Any CPU.Build.0 = Release|Any CPU
	EndGlobalSection
	GlobalSection(SolutionProperties) = preSolution
		HideSolutionNode = FALSE
	EndGlobalSection
	GlobalSection(ExtensibilityGlobals) = postSolution
		SolutionGuid = {030688FE-2A50-4775-BBC0-8777907494DF}
	EndGlobalSection
EndGlobal
